PODS:
  - AVOSCloud (4.4.0)
  - AVOSCloudCrashReporting (4.4.0):
    - AVOSCloud (= 4.4.0)
    - AVOSCloudCrashReporting/_ARC (= 4.4.0)
    - AVOSCloudCrashReporting/_NOARC (= 4.4.0)
  - AVOSCloudCrashReporting/_ARC (4.4.0):
    - AVOSCloud (= 4.4.0)
    - AVOSCloudCrashReporting/_NOARC (= 4.4.0)
  - AVOSCloudCrashReporting/_NOARC (4.4.0):
    - AVOSCloud (= 4.4.0)
  - AVOSCloudIM (4.4.0):
    - AVOSCloud (= 4.4.0)
    - AVOSCloudIM/_ARC (= 4.4.0)
    - AVOSCloudIM/_NOARC (= 4.4.0)
  - AVOSCloudIM/_ARC (4.4.0):
    - AVOSCloud (= 4.4.0)
    - AVOSCloudIM/_NOARC (= 4.4.0)
  - AVOSCloudIM/_NOARC (4.4.0):
    - AVOSCloud (= 4.4.0)

DEPENDENCIES:
  - AVOSCloud
  - AVOSCloudCrashReporting
  - AVOSCloudIM

SPEC CHECKSUMS:
  AVOSCloud: c2cbba727f10776c995108d7e8fd3142d703ebaa
  AVOSCloudCrashReporting: 40167db5dede2f103e3232154ac8b83f40629bb0
  AVOSCloudIM: c7fff11ce3cc0333cb2f7b3e41370d6b36a7c78b

PODFILE CHECKSUM: 4dae3fb3a823b23f716e727096753ab4c45f8ed2

COCOAPODS: 1.2.1
