// !$*UTF8*$!
{
	archiveVersion = 1;
	classes = {
	};
	objectVersion = 46;
	objects = {

/* Begin PBXBuildFile section */
		7B2B58E01EB2F8AF00B03631 /* SignUpVC.swift in Sources */ = {isa = PBXBuildFile; fileRef = 7B2B58DF1EB2F8AF00B03631 /* SignUpVC.swift */; };
		7B2B58E21EB2F96D00B03631 /* SignInVC.swift in Sources */ = {isa = PBXBuildFile; fileRef = 7B2B58E11EB2F96D00B03631 /* SignInVC.swift */; };
		7B2B58E41EB2F99B00B03631 /* ResetPasswordVC.swift in Sources */ = {isa = PBXBuildFile; fileRef = 7B2B58E31EB2F99B00B03631 /* ResetPasswordVC.swift */; };
		7B2B58E81EB48FE500B03631 /* user_icon.jpg in Resources */ = {isa = PBXBuildFile; fileRef = 7B2B58E71EB48FE500B03631 /* user_icon.jpg */; };
		7B43FB461ECE9AFE00EB1081 /* HomeVC.swift in Sources */ = {isa = PBXBuildFile; fileRef = 7B43FB451ECE9AFE00EB1081 /* HomeVC.swift */; };
		7B43FB481ECE9B1500EB1081 /* Header View.swift in Sources */ = {isa = PBXBuildFile; fileRef = 7B43FB471ECE9B1500EB1081 /* Header View.swift */; };
		7B43FB4A1ECED87600EB1081 /* PictureCell.swift in Sources */ = {isa = PBXBuildFile; fileRef = 7B43FB491ECED87600EB1081 /* PictureCell.swift */; };
		7B85EF511EB2DDD900094FAF /* AppDelegate.swift in Sources */ = {isa = PBXBuildFile; fileRef = 7B85EF501EB2DDD900094FAF /* AppDelegate.swift */; };
		7B85EF561EB2DDD900094FAF /* Main.storyboard in Resources */ = {isa = PBXBuildFile; fileRef = 7B85EF541EB2DDD900094FAF /* Main.storyboard */; };
		7B85EF581EB2DDD900094FAF /* Assets.xcassets in Resources */ = {isa = PBXBuildFile; fileRef = 7B85EF571EB2DDD900094FAF /* Assets.xcassets */; };
		7B85EF5B1EB2DDD900094FAF /* LaunchScreen.storyboard in Resources */ = {isa = PBXBuildFile; fileRef = 7B85EF591EB2DDD900094FAF /* LaunchScreen.storyboard */; };
		7B85EF661EB2DDD900094FAF /* MyInsTests.swift in Sources */ = {isa = PBXBuildFile; fileRef = 7B85EF651EB2DDD900094FAF /* MyInsTests.swift */; };
		7B85EF711EB2DDD900094FAF /* MyInsUITests.swift in Sources */ = {isa = PBXBuildFile; fileRef = 7B85EF701EB2DDD900094FAF /* MyInsUITests.swift */; };
		7B85EF811EB2DE6B00094FAF /* Podfile in Resources */ = {isa = PBXBuildFile; fileRef = 7B85EF801EB2DE6B00094FAF /* Podfile */; };
		C42763E467D3C3222B857F93 /* Pods_MyIns.framework in Frameworks */ = {isa = PBXBuildFile; fileRef = 5CB58C9DBE128D78919234E6 /* Pods_MyIns.framework */; };
/* End PBXBuildFile section */

/* Begin PBXContainerItemProxy section */
		7B85EF621EB2DDD900094FAF /* PBXContainerItemProxy */ = {
			isa = PBXContainerItemProxy;
			containerPortal = 7B85EF451EB2DDD900094FAF /* Project object */;
			proxyType = 1;
			remoteGlobalIDString = 7B85EF4C1EB2DDD900094FAF;
			remoteInfo = MyIns;
		};
		7B85EF6D1EB2DDD900094FAF /* PBXContainerItemProxy */ = {
			isa = PBXContainerItemProxy;
			containerPortal = 7B85EF451EB2DDD900094FAF /* Project object */;
			proxyType = 1;
			remoteGlobalIDString = 7B85EF4C1EB2DDD900094FAF;
			remoteInfo = MyIns;
		};
/* End PBXContainerItemProxy section */

/* Begin PBXFileReference section */
		5CB58C9DBE128D78919234E6 /* Pods_MyIns.framework */ = {isa = PBXFileReference; explicitFileType = wrapper.framework; includeInIndex = 0; path = Pods_MyIns.framework; sourceTree = BUILT_PRODUCTS_DIR; };
		65B5D8E9A643518FDE8DA227 /* Pods-MyIns.debug.xcconfig */ = {isa = PBXFileReference; includeInIndex = 1; lastKnownFileType = text.xcconfig; name = "Pods-MyIns.debug.xcconfig"; path = "Pods/Target Support Files/Pods-MyIns/Pods-MyIns.debug.xcconfig"; sourceTree = "<group>"; };
		7B2B58DF1EB2F8AF00B03631 /* SignUpVC.swift */ = {isa = PBXFileReference; fileEncoding = 4; lastKnownFileType = sourcecode.swift; path = SignUpVC.swift; sourceTree = "<group>"; };
		7B2B58E11EB2F96D00B03631 /* SignInVC.swift */ = {isa = PBXFileReference; fileEncoding = 4; lastKnownFileType = sourcecode.swift; path = SignInVC.swift; sourceTree = "<group>"; };
		7B2B58E31EB2F99B00B03631 /* ResetPasswordVC.swift */ = {isa = PBXFileReference; fileEncoding = 4; lastKnownFileType = sourcecode.swift; path = ResetPasswordVC.swift; sourceTree = "<group>"; };
		7B2B58E71EB48FE500B03631 /* user_icon.jpg */ = {isa = PBXFileReference; lastKnownFileType = image.jpeg; path = user_icon.jpg; sourceTree = SOURCE_ROOT; };
		7B43FB451ECE9AFE00EB1081 /* HomeVC.swift */ = {isa = PBXFileReference; fileEncoding = 4; lastKnownFileType = sourcecode.swift; path = HomeVC.swift; sourceTree = "<group>"; };
		7B43FB471ECE9B1500EB1081 /* Header View.swift */ = {isa = PBXFileReference; fileEncoding = 4; lastKnownFileType = sourcecode.swift; path = "Header View.swift"; sourceTree = "<group>"; };
		7B43FB491ECED87600EB1081 /* PictureCell.swift */ = {isa = PBXFileReference; fileEncoding = 4; lastKnownFileType = sourcecode.swift; path = PictureCell.swift; sourceTree = "<group>"; };
		7B85EF4D1EB2DDD900094FAF /* MyIns.app */ = {isa = PBXFileReference; explicitFileType = wrapper.application; includeInIndex = 0; path = MyIns.app; sourceTree = BUILT_PRODUCTS_DIR; };
		7B85EF501EB2DDD900094FAF /* AppDelegate.swift */ = {isa = PBXFileReference; lastKnownFileType = sourcecode.swift; path = AppDelegate.swift; sourceTree = "<group>"; };
		7B85EF551EB2DDD900094FAF /* Base */ = {isa = PBXFileReference; lastKnownFileType = file.storyboard; name = Base; path = Base.lproj/Main.storyboard; sourceTree = "<group>"; };
		7B85EF571EB2DDD900094FAF /* Assets.xcassets */ = {isa = PBXFileReference; lastKnownFileType = folder.assetcatalog; path = Assets.xcassets; sourceTree = "<group>"; };
		7B85EF5A1EB2DDD900094FAF /* Base */ = {isa = PBXFileReference; lastKnownFileType = file.storyboard; name = Base; path = Base.lproj/LaunchScreen.storyboard; sourceTree = "<group>"; };
		7B85EF5C1EB2DDD900094FAF /* Info.plist */ = {isa = PBXFileReference; lastKnownFileType = text.plist.xml; path = Info.plist; sourceTree = "<group>"; };
		7B85EF611EB2DDD900094FAF /* MyInsTests.xctest */ = {isa = PBXFileReference; explicitFileType = wrapper.cfbundle; includeInIndex = 0; path = MyInsTests.xctest; sourceTree = BUILT_PRODUCTS_DIR; };
		7B85EF651EB2DDD900094FAF /* MyInsTests.swift */ = {isa = PBXFileReference; lastKnownFileType = sourcecode.swift; path = MyInsTests.swift; sourceTree = "<group>"; };
		7B85EF671EB2DDD900094FAF /* Info.plist */ = {isa = PBXFileReference; lastKnownFileType = text.plist.xml; path = Info.plist; sourceTree = "<group>"; };
		7B85EF6C1EB2DDD900094FAF /* MyInsUITests.xctest */ = {isa = PBXFileReference; explicitFileType = wrapper.cfbundle; includeInIndex = 0; path = MyInsUITests.xctest; sourceTree = BUILT_PRODUCTS_DIR; };
		7B85EF701EB2DDD900094FAF /* MyInsUITests.swift */ = {isa = PBXFileReference; lastKnownFileType = sourcecode.swift; path = MyInsUITests.swift; sourceTree = "<group>"; };
		7B85EF721EB2DDD900094FAF /* Info.plist */ = {isa = PBXFileReference; lastKnownFileType = text.plist.xml; path = Info.plist; sourceTree = "<group>"; };
		7B85EF801EB2DE6B00094FAF /* Podfile */ = {isa = PBXFileReference; fileEncoding = 4; lastKnownFileType = text; path = Podfile; sourceTree = "<group>"; };
		7BFE86F71EB2E2B40089AC4D /* MyIns-Bridging-Header.h */ = {isa = PBXFileReference; lastKnownFileType = sourcecode.c.h; path = "MyIns-Bridging-Header.h"; sourceTree = "<group>"; };
		9301108E44132FEBC7227571 /* Pods-MyIns.release.xcconfig */ = {isa = PBXFileReference; includeInIndex = 1; lastKnownFileType = text.xcconfig; name = "Pods-MyIns.release.xcconfig"; path = "Pods/Target Support Files/Pods-MyIns/Pods-MyIns.release.xcconfig"; sourceTree = "<group>"; };
/* End PBXFileReference section */

/* Begin PBXFrameworksBuildPhase section */
		7B85EF4A1EB2DDD900094FAF /* Frameworks */ = {
			isa = PBXFrameworksBuildPhase;
			buildActionMask = 2147483647;
			files = (
				C42763E467D3C3222B857F93 /* Pods_MyIns.framework in Frameworks */,
			);
			runOnlyForDeploymentPostprocessing = 0;
		};
		7B85EF5E1EB2DDD900094FAF /* Frameworks */ = {
			isa = PBXFrameworksBuildPhase;
			buildActionMask = 2147483647;
			files = (
			);
			runOnlyForDeploymentPostprocessing = 0;
		};
		7B85EF691EB2DDD900094FAF /* Frameworks */ = {
			isa = PBXFrameworksBuildPhase;
			buildActionMask = 2147483647;
			files = (
			);
			runOnlyForDeploymentPostprocessing = 0;
		};
/* End PBXFrameworksBuildPhase section */

/* Begin PBXGroup section */
		6BB71FAE57F6A1E63C1619DE /* Pods */ = {
			isa = PBXGroup;
			children = (
				65B5D8E9A643518FDE8DA227 /* Pods-MyIns.debug.xcconfig */,
				9301108E44132FEBC7227571 /* Pods-MyIns.release.xcconfig */,
			);
			name = Pods;
			sourceTree = "<group>";
		};
		7B85EF441EB2DDD900094FAF = {
			isa = PBXGroup;
			children = (
				7B85EF801EB2DE6B00094FAF /* Podfile */,
				7B85EF4F1EB2DDD900094FAF /* MyIns */,
				7B85EF641EB2DDD900094FAF /* MyInsTests */,
				7B85EF6F1EB2DDD900094FAF /* MyInsUITests */,
				7B85EF4E1EB2DDD900094FAF /* Products */,
				6BB71FAE57F6A1E63C1619DE /* Pods */,
				C9D60698480A8C0FC224623D /* Frameworks */,
			);
			sourceTree = "<group>";
		};
		7B85EF4E1EB2DDD900094FAF /* Products */ = {
			isa = PBXGroup;
			children = (
				7B85EF4D1EB2DDD900094FAF /* MyIns.app */,
				7B85EF611EB2DDD900094FAF /* MyInsTests.xctest */,
				7B85EF6C1EB2DDD900094FAF /* MyInsUITests.xctest */,
			);
			name = Products;
			sourceTree = "<group>";
		};
		7B85EF4F1EB2DDD900094FAF /* MyIns */ = {
			isa = PBXGroup;
			children = (
				7B2B58E71EB48FE500B03631 /* user_icon.jpg */,
				7B85EF501EB2DDD900094FAF /* AppDelegate.swift */,
				7B85EF541EB2DDD900094FAF /* Main.storyboard */,
				7B85EF571EB2DDD900094FAF /* Assets.xcassets */,
				7B85EF591EB2DDD900094FAF /* LaunchScreen.storyboard */,
				7B85EF5C1EB2DDD900094FAF /* Info.plist */,
				7BFE86F71EB2E2B40089AC4D /* MyIns-Bridging-Header.h */,
				7B2B58DF1EB2F8AF00B03631 /* SignUpVC.swift */,
				7B2B58E11EB2F96D00B03631 /* SignInVC.swift */,
				7B2B58E31EB2F99B00B03631 /* ResetPasswordVC.swift */,
				7B43FB451ECE9AFE00EB1081 /* HomeVC.swift */,
				7B43FB471ECE9B1500EB1081 /* Header View.swift */,
				7B43FB491ECED87600EB1081 /* PictureCell.swift */,
			);
			path = MyIns;
			sourceTree = "<group>";
		};
		7B85EF641EB2DDD900094FAF /* MyInsTests */ = {
			isa = PBXGroup;
			children = (
				7B85EF651EB2DDD900094FAF /* MyInsTests.swift */,
				7B85EF671EB2DDD900094FAF /* Info.plist */,
			);
			path = MyInsTests;
			sourceTree = "<group>";
		};
		7B85EF6F1EB2DDD900094FAF /* MyInsUITests */ = {
			isa = PBXGroup;
			children = (
				7B85EF701EB2DDD900094FAF /* MyInsUITests.swift */,
				7B85EF721EB2DDD900094FAF /* Info.plist */,
			);
			path = MyInsUITests;
			sourceTree = "<group>";
		};
		C9D60698480A8C0FC224623D /* Frameworks */ = {
			isa = PBXGroup;
			children = (
				5CB58C9DBE128D78919234E6 /* Pods_MyIns.framework */,
			);
			name = Frameworks;
			sourceTree = "<group>";
		};
/* End PBXGroup section */

/* Begin PBXNativeTarget section */
		7B85EF4C1EB2DDD900094FAF /* MyIns */ = {
			isa = PBXNativeTarget;
			buildConfigurationList = 7B85EF751EB2DDD900094FAF /* Build configuration list for PBXNativeTarget "MyIns" */;
			buildPhases = (
				9D8885C925279B2B6791DBC0 /* [CP] Check Pods Manifest.lock */,
				7B85EF491EB2DDD900094FAF /* Sources */,
				7B85EF4A1EB2DDD900094FAF /* Frameworks */,
				7B85EF4B1EB2DDD900094FAF /* Resources */,
				07C28531CFC0A5154669BF59 /* [CP] Embed Pods Frameworks */,
				A1C1A622E61C8333D27D1738 /* [CP] Copy Pods Resources */,
			);
			buildRules = (
			);
			dependencies = (
			);
			name = MyIns;
			productName = MyIns;
			productReference = 7B85EF4D1EB2DDD900094FAF /* MyIns.app */;
			productType = "com.apple.product-type.application";
		};
		7B85EF601EB2DDD900094FAF /* MyInsTests */ = {
			isa = PBXNativeTarget;
			buildConfigurationList = 7B85EF781EB2DDD900094FAF /* Build configuration list for PBXNativeTarget "MyInsTests" */;
			buildPhases = (
				7B85EF5D1EB2DDD900094FAF /* Sources */,
				7B85EF5E1EB2DDD900094FAF /* Frameworks */,
				7B85EF5F1EB2DDD900094FAF /* Resources */,
			);
			buildRules = (
			);
			dependencies = (
				7B85EF631EB2DDD900094FAF /* PBXTargetDependency */,
			);
			name = MyInsTests;
			productName = MyInsTests;
			productReference = 7B85EF611EB2DDD900094FAF /* MyInsTests.xctest */;
			productType = "com.apple.product-type.bundle.unit-test";
		};
		7B85EF6B1EB2DDD900094FAF /* MyInsUITests */ = {
			isa = PBXNativeTarget;
			buildConfigurationList = 7B85EF7B1EB2DDD900094FAF /* Build configuration list for PBXNativeTarget "MyInsUITests" */;
			buildPhases = (
				7B85EF681EB2DDD900094FAF /* Sources */,
				7B85EF691EB2DDD900094FAF /* Frameworks */,
				7B85EF6A1EB2DDD900094FAF /* Resources */,
			);
			buildRules = (
			);
			dependencies = (
				7B85EF6E1EB2DDD900094FAF /* PBXTargetDependency */,
			);
			name = MyInsUITests;
			productName = MyInsUITests;
			productReference = 7B85EF6C1EB2DDD900094FAF /* MyInsUITests.xctest */;
			productType = "com.apple.product-type.bundle.ui-testing";
		};
/* End PBXNativeTarget section */

/* Begin PBXProject section */
		7B85EF451EB2DDD900094FAF /* Project object */ = {
			isa = PBXProject;
			attributes = {
				LastSwiftUpdateCheck = 0830;
				LastUpgradeCheck = 0830;
				ORGANIZATIONNAME = xcl;
				TargetAttributes = {
					7B85EF4C1EB2DDD900094FAF = {
						CreatedOnToolsVersion = 8.3;
						LastSwiftMigration = 0830;
						ProvisioningStyle = Automatic;
					};
					7B85EF601EB2DDD900094FAF = {
						CreatedOnToolsVersion = 8.3;
						ProvisioningStyle = Automatic;
						TestTargetID = 7B85EF4C1EB2DDD900094FAF;
					};
					7B85EF6B1EB2DDD900094FAF = {
						CreatedOnToolsVersion = 8.3;
						ProvisioningStyle = Automatic;
						TestTargetID = 7B85EF4C1EB2DDD900094FAF;
					};
				};
			};
			buildConfigurationList = 7B85EF481EB2DDD900094FAF /* Build configuration list for PBXProject "MyIns" */;
			compatibilityVersion = "Xcode 3.2";
			developmentRegion = English;
			hasScannedForEncodings = 0;
			knownRegions = (
				en,
				Base,
			);
			mainGroup = 7B85EF441EB2DDD900094FAF;
			productRefGroup = 7B85EF4E1EB2DDD900094FAF /* Products */;
			projectDirPath = "";
			projectRoot = "";
			targets = (
				7B85EF4C1EB2DDD900094FAF /* MyIns */,
				7B85EF601EB2DDD900094FAF /* MyInsTests */,
				7B85EF6B1EB2DDD900094FAF /* MyInsUITests */,
			);
		};
/* End PBXProject section */

/* Begin PBXResourcesBuildPhase section */
		7B85EF4B1EB2DDD900094FAF /* Resources */ = {
			isa = PBXResourcesBuildPhase;
			buildActionMask = 2147483647;
			files = (
				7B85EF5B1EB2DDD900094FAF /* LaunchScreen.storyboard in Resources */,
				7B85EF581EB2DDD900094FAF /* Assets.xcassets in Resources */,
				7B85EF811EB2DE6B00094FAF /* Podfile in Resources */,
				7B85EF561EB2DDD900094FAF /* Main.storyboard in Resources */,
				7B2B58E81EB48FE500B03631 /* user_icon.jpg in Resources */,
			);
			runOnlyForDeploymentPostprocessing = 0;
		};
		7B85EF5F1EB2DDD900094FAF /* Resources */ = {
			isa = PBXResourcesBuildPhase;
			buildActionMask = 2147483647;
			files = (
			);
			runOnlyForDeploymentPostprocessing = 0;
		};
		7B85EF6A1EB2DDD900094FAF /* Resources */ = {
			isa = PBXResourcesBuildPhase;
			buildActionMask = 2147483647;
			files = (
			);
			runOnlyForDeploymentPostprocessing = 0;
		};
/* End PBXResourcesBuildPhase section */

/* Begin PBXShellScriptBuildPhase section */
		07C28531CFC0A5154669BF59 /* [CP] Embed Pods Frameworks */ = {
			isa = PBXShellScriptBuildPhase;
			buildActionMask = 2147483647;
			files = (
			);
			inputPaths = (
			);
			name = "[CP] Embed Pods Frameworks";
			outputPaths = (
			);
			runOnlyForDeploymentPostprocessing = 0;
			shellPath = /bin/sh;
			shellScript = "\"${SRCROOT}/Pods/Target Support Files/Pods-MyIns/Pods-MyIns-frameworks.sh\"\n";
			showEnvVarsInLog = 0;
		};
		9D8885C925279B2B6791DBC0 /* [CP] Check Pods Manifest.lock */ = {
			isa = PBXShellScriptBuildPhase;
			buildActionMask = 2147483647;
			files = (
			);
			inputPaths = (
			);
			name = "[CP] Check Pods Manifest.lock";
			outputPaths = (
			);
			runOnlyForDeploymentPostprocessing = 0;
			shellPath = /bin/sh;
			shellScript = "diff \"${PODS_PODFILE_DIR_PATH}/Podfile.lock\" \"${PODS_ROOT}/Manifest.lock\" > /dev/null\nif [ $? != 0 ] ; then\n    # print error to STDERR\n    echo \"error: The sandbox is not in sync with the Podfile.lock. Run 'pod install' or update your CocoaPods installation.\" >&2\n    exit 1\nfi\n";
			showEnvVarsInLog = 0;
		};
		A1C1A622E61C8333D27D1738 /* [CP] Copy Pods Resources */ = {
			isa = PBXShellScriptBuildPhase;
			buildActionMask = 2147483647;
			files = (
			);
			inputPaths = (
			);
			name = "[CP] Copy Pods Resources";
			outputPaths = (
			);
			runOnlyForDeploymentPostprocessing = 0;
			shellPath = /bin/sh;
			shellScript = "\"${SRCROOT}/Pods/Target Support Files/Pods-MyIns/Pods-MyIns-resources.sh\"\n";
			showEnvVarsInLog = 0;
		};
/* End PBXShellScriptBuildPhase section */

/* Begin PBXSourcesBuildPhase section */
		7B85EF491EB2DDD900094FAF /* Sources */ = {
			isa = PBXSourcesBuildPhase;
			buildActionMask = 2147483647;
			files = (
				7B2B58E01EB2F8AF00B03631 /* SignUpVC.swift in Sources */,
				7B43FB481ECE9B1500EB1081 /* Header View.swift in Sources */,
				7B43FB461ECE9AFE00EB1081 /* HomeVC.swift in Sources */,
				7B85EF511EB2DDD900094FAF /* AppDelegate.swift in Sources */,
				7B2B58E21EB2F96D00B03631 /* SignInVC.swift in Sources */,
				7B43FB4A1ECED87600EB1081 /* PictureCell.swift in Sources */,
				7B2B58E41EB2F99B00B03631 /* ResetPasswordVC.swift in Sources */,
			);
			runOnlyForDeploymentPostprocessing = 0;
		};
		7B85EF5D1EB2DDD900094FAF /* Sources */ = {
			isa = PBXSourcesBuildPhase;
			buildActionMask = 2147483647;
			files = (
				7B85EF661EB2DDD900094FAF /* MyInsTests.swift in Sources */,
			);
			runOnlyForDeploymentPostprocessing = 0;
		};
		7B85EF681EB2DDD900094FAF /* Sources */ = {
			isa = PBXSourcesBuildPhase;
			buildActionMask = 2147483647;
			files = (
				7B85EF711EB2DDD900094FAF /* MyInsUITests.swift in Sources */,
			);
			runOnlyForDeploymentPostprocessing = 0;
		};
/* End PBXSourcesBuildPhase section */

/* Begin PBXTargetDependency section */
		7B85EF631EB2DDD900094FAF /* PBXTargetDependency */ = {
			isa = PBXTargetDependency;
			target = 7B85EF4C1EB2DDD900094FAF /* MyIns */;
			targetProxy = 7B85EF621EB2DDD900094FAF /* PBXContainerItemProxy */;
		};
		7B85EF6E1EB2DDD900094FAF /* PBXTargetDependency */ = {
			isa = PBXTargetDependency;
			target = 7B85EF4C1EB2DDD900094FAF /* MyIns */;
			targetProxy = 7B85EF6D1EB2DDD900094FAF /* PBXContainerItemProxy */;
		};
/* End PBXTargetDependency section */

/* Begin PBXVariantGroup section */
		7B85EF541EB2DDD900094FAF /* Main.storyboard */ = {
			isa = PBXVariantGroup;
			children = (
				7B85EF551EB2DDD900094FAF /* Base */,
			);
			name = Main.storyboard;
			sourceTree = "<group>";
		};
		7B85EF591EB2DDD900094FAF /* LaunchScreen.storyboard */ = {
			isa = PBXVariantGroup;
			children = (
				7B85EF5A1EB2DDD900094FAF /* Base */,
			);
			name = LaunchScreen.storyboard;
			sourceTree = "<group>";
		};
/* End PBXVariantGroup section */

/* Begin XCBuildConfiguration section */
		7B85EF731EB2DDD900094FAF /* Debug */ = {
			isa = XCBuildConfiguration;
			buildSettings = {
				ALWAYS_SEARCH_USER_PATHS = NO;
				CLANG_ANALYZER_NONNULL = YES;
				CLANG_ANALYZER_NUMBER_OBJECT_CONVERSION = YES_AGGRESSIVE;
				CLANG_CXX_LANGUAGE_STANDARD = "gnu++0x";
				CLANG_CXX_LIBRARY = "libc++";
				CLANG_ENABLE_MODULES = YES;
				CLANG_ENABLE_OBJC_ARC = YES;
				CLANG_WARN_BOOL_CONVERSION = YES;
				CLANG_WARN_CONSTANT_CONVERSION = YES;
				CLANG_WARN_DIRECT_OBJC_ISA_USAGE = YES_ERROR;
				CLANG_WARN_DOCUMENTATION_COMMENTS = YES;
				CLANG_WARN_EMPTY_BODY = YES;
				CLANG_WARN_ENUM_CONVERSION = YES;
				CLANG_WARN_INFINITE_RECURSION = YES;
				CLANG_WARN_INT_CONVERSION = YES;
				CLANG_WARN_OBJC_ROOT_CLASS = YES_ERROR;
				CLANG_WARN_SUSPICIOUS_MOVE = YES;
				CLANG_WARN_UNREACHABLE_CODE = YES;
				CLANG_WARN__DUPLICATE_METHOD_MATCH = YES;
				"CODE_SIGN_IDENTITY[sdk=iphoneos*]" = "iPhone Developer";
				COPY_PHASE_STRIP = NO;
				DEBUG_INFORMATION_FORMAT = dwarf;
				ENABLE_STRICT_OBJC_MSGSEND = YES;
				ENABLE_TESTABILITY = YES;
				GCC_C_LANGUAGE_STANDARD = gnu99;
				GCC_DYNAMIC_NO_PIC = NO;
				GCC_NO_COMMON_BLOCKS = YES;
				GCC_OPTIMIZATION_LEVEL = 0;
				GCC_PREPROCESSOR_DEFINITIONS = (
					"DEBUG=1",
					"$(inherited)",
				);
				GCC_WARN_64_TO_32_BIT_CONVERSION = YES;
				GCC_WARN_ABOUT_RETURN_TYPE = YES_ERROR;
				GCC_WARN_UNDECLARED_SELECTOR = YES;
				GCC_WARN_UNINITIALIZED_AUTOS = YES_AGGRESSIVE;
				GCC_WARN_UNUSED_FUNCTION = YES;
				GCC_WARN_UNUSED_VARIABLE = YES;
				IPHONEOS_DEPLOYMENT_TARGET = 10.3;
				MTL_ENABLE_DEBUG_INFO = YES;
				ONLY_ACTIVE_ARCH = YES;
				SDKROOT = iphoneos;
				SWIFT_ACTIVE_COMPILATION_CONDITIONS = DEBUG;
				SWIFT_OPTIMIZATION_LEVEL = "-Onone";
			};
			name = Debug;
		};
		7B85EF741EB2DDD900094FAF /* Release */ = {
			isa = XCBuildConfiguration;
			buildSettings = {
				ALWAYS_SEARCH_USER_PATHS = NO;
				CLANG_ANALYZER_NONNULL = YES;
				CLANG_ANALYZER_NUMBER_OBJECT_CONVERSION = YES_AGGRESSIVE;
				CLANG_CXX_LANGUAGE_STANDARD = "gnu++0x";
				CLANG_CXX_LIBRARY = "libc++";
				CLANG_ENABLE_MODULES = YES;
				CLANG_ENABLE_OBJC_ARC = YES;
				CLANG_WARN_BOOL_CONVERSION = YES;
				CLANG_WARN_CONSTANT_CONVERSION = YES;
				CLANG_WARN_DIRECT_OBJC_ISA_USAGE = YES_ERROR;
				CLANG_WARN_DOCUMENTATION_COMMENTS = YES;
				CLANG_WARN_EMPTY_BODY = YES;
				CLANG_WARN_ENUM_CONVERSION = YES;
				CLANG_WARN_INFINITE_RECURSION = YES;
				CLANG_WARN_INT_CONVERSION = YES;
				CLANG_WARN_OBJC_ROOT_CLASS = YES_ERROR;
				CLANG_WARN_SUSPICIOUS_MOVE = YES;
				CLANG_WARN_UNREACHABLE_CODE = YES;
				CLANG_WARN__DUPLICATE_METHOD_MATCH = YES;
				"CODE_SIGN_IDENTITY[sdk=iphoneos*]" = "iPhone Developer";
				COPY_PHASE_STRIP = NO;
				DEBUG_INFORMATION_FORMAT = "dwarf-with-dsym";
				ENABLE_NS_ASSERTIONS = NO;
				ENABLE_STRICT_OBJC_MSGSEND = YES;
				GCC_C_LANGUAGE_STANDARD = gnu99;
				GCC_NO_COMMON_BLOCKS = YES;
				GCC_WARN_64_TO_32_BIT_CONVERSION = YES;
				GCC_WARN_ABOUT_RETURN_TYPE = YES_ERROR;
				GCC_WARN_UNDECLARED_SELECTOR = YES;
				GCC_WARN_UNINITIALIZED_AUTOS = YES_AGGRESSIVE;
				GCC_WARN_UNUSED_FUNCTION = YES;
				GCC_WARN_UNUSED_VARIABLE = YES;
				IPHONEOS_DEPLOYMENT_TARGET = 10.3;
				MTL_ENABLE_DEBUG_INFO = NO;
				SDKROOT = iphoneos;
				SWIFT_OPTIMIZATION_LEVEL = "-Owholemodule";
				VALIDATE_PRODUCT = YES;
			};
			name = Release;
		};
		7B85EF761EB2DDD900094FAF /* Debug */ = {
			isa = XCBuildConfiguration;
			baseConfigurationReference = 65B5D8E9A643518FDE8DA227 /* Pods-MyIns.debug.xcconfig */;
			buildSettings = {
				ASSETCATALOG_COMPILER_APPICON_NAME = AppIcon;
				CLANG_ENABLE_MODULES = YES;
				INFOPLIST_FILE = MyIns/Info.plist;
				LD_RUNPATH_SEARCH_PATHS = "$(inherited) @executable_path/Frameworks";
				PRODUCT_BUNDLE_IDENTIFIER = com.charlesxu747.MyIns;
				PRODUCT_NAME = "$(TARGET_NAME)";
				SWIFT_OBJC_BRIDGING_HEADER = "MyIns/MyIns-Bridging-Header.h";
				SWIFT_OPTIMIZATION_LEVEL = "-Onone";
				SWIFT_VERSION = 3.0;
			};
			name = Debug;
		};
		7B85EF771EB2DDD900094FAF /* Release */ = {
			isa = XCBuildConfiguration;
			baseConfigurationReference = 9301108E44132FEBC7227571 /* Pods-MyIns.release.xcconfig */;
			buildSettings = {
				ASSETCATALOG_COMPILER_APPICON_NAME = AppIcon;
				CLANG_ENABLE_MODULES = YES;
				INFOPLIST_FILE = MyIns/Info.plist;
				LD_RUNPATH_SEARCH_PATHS = "$(inherited) @executable_path/Frameworks";
				PRODUCT_BUNDLE_IDENTIFIER = com.charlesxu747.MyIns;
				PRODUCT_NAME = "$(TARGET_NAME)";
				SWIFT_OBJC_BRIDGING_HEADER = "MyIns/MyIns-Bridging-Header.h";
				SWIFT_VERSION = 3.0;
			};
			name = Release;
		};
		7B85EF791EB2DDD900094FAF /* Debug */ = {
			isa = XCBuildConfiguration;
			buildSettings = {
				ALWAYS_EMBED_SWIFT_STANDARD_LIBRARIES = YES;
				BUNDLE_LOADER = "$(TEST_HOST)";
				INFOPLIST_FILE = MyInsTests/Info.plist;
				LD_RUNPATH_SEARCH_PATHS = "$(inherited) @executable_path/Frameworks @loader_path/Frameworks";
				PRODUCT_BUNDLE_IDENTIFIER = com.charlesxu747.MyInsTests;
				PRODUCT_NAME = "$(TARGET_NAME)";
				SWIFT_VERSION = 3.0;
				TEST_HOST = "$(BUILT_PRODUCTS_DIR)/MyIns.app/MyIns";
			};
			name = Debug;
		};
		7B85EF7A1EB2DDD900094FAF /* Release */ = {
			isa = XCBuildConfiguration;
			buildSettings = {
				ALWAYS_EMBED_SWIFT_STANDARD_LIBRARIES = YES;
				BUNDLE_LOADER = "$(TEST_HOST)";
				INFOPLIST_FILE = MyInsTests/Info.plist;
				LD_RUNPATH_SEARCH_PATHS = "$(inherited) @executable_path/Frameworks @loader_path/Frameworks";
				PRODUCT_BUNDLE_IDENTIFIER = com.charlesxu747.MyInsTests;
				PRODUCT_NAME = "$(TARGET_NAME)";
				SWIFT_VERSION = 3.0;
				TEST_HOST = "$(BUILT_PRODUCTS_DIR)/MyIns.app/MyIns";
			};
			name = Release;
		};
		7B85EF7C1EB2DDD900094FAF /* Debug */ = {
			isa = XCBuildConfiguration;
			buildSettings = {
				ALWAYS_EMBED_SWIFT_STANDARD_LIBRARIES = YES;
				INFOPLIST_FILE = MyInsUITests/Info.plist;
				LD_RUNPATH_SEARCH_PATHS = "$(inherited) @executable_path/Frameworks @loader_path/Frameworks";
				PRODUCT_BUNDLE_IDENTIFIER = com.charlesxu747.MyInsUITests;
				PRODUCT_NAME = "$(TARGET_NAME)";
				SWIFT_VERSION = 3.0;
				TEST_TARGET_NAME = MyIns;
			};
			name = Debug;
		};
		7B85EF7D1EB2DDD900094FAF /* Release */ = {
			isa = XCBuildConfiguration;
			buildSettings = {
				ALWAYS_EMBED_SWIFT_STANDARD_LIBRARIES = YES;
				INFOPLIST_FILE = MyInsUITests/Info.plist;
				LD_RUNPATH_SEARCH_PATHS = "$(inherited) @executable_path/Frameworks @loader_path/Frameworks";
				PRODUCT_BUNDLE_IDENTIFIER = com.charlesxu747.MyInsUITests;
				PRODUCT_NAME = "$(TARGET_NAME)";
				SWIFT_VERSION = 3.0;
				TEST_TARGET_NAME = MyIns;
			};
			name = Release;
		};
/* End XCBuildConfiguration section */

/* Begin XCConfigurationList section */
		7B85EF481EB2DDD900094FAF /* Build configuration list for PBXProject "MyIns" */ = {
			isa = XCConfigurationList;
			buildConfigurations = (
				7B85EF731EB2DDD900094FAF /* Debug */,
				7B85EF741EB2DDD900094FAF /* Release */,
			);
			defaultConfigurationIsVisible = 0;
			defaultConfigurationName = Release;
		};
		7B85EF751EB2DDD900094FAF /* Build configuration list for PBXNativeTarget "MyIns" */ = {
			isa = XCConfigurationList;
			buildConfigurations = (
				7B85EF761EB2DDD900094FAF /* Debug */,
				7B85EF771EB2DDD900094FAF /* Release */,
			);
			defaultConfigurationIsVisible = 0;
			defaultConfigurationName = Release;
		};
		7B85EF781EB2DDD900094FAF /* Build configuration list for PBXNativeTarget "MyInsTests" */ = {
			isa = XCConfigurationList;
			buildConfigurations = (
				7B85EF791EB2DDD900094FAF /* Debug */,
				7B85EF7A1EB2DDD900094FAF /* Release */,
			);
			defaultConfigurationIsVisible = 0;
			defaultConfigurationName = Release;
		};
		7B85EF7B1EB2DDD900094FAF /* Build configuration list for PBXNativeTarget "MyInsUITests" */ = {
			isa = XCConfigurationList;
			buildConfigurations = (
				7B85EF7C1EB2DDD900094FAF /* Debug */,
				7B85EF7D1EB2DDD900094FAF /* Release */,
			);
			defaultConfigurationIsVisible = 0;
			defaultConfigurationName = Release;
		};
/* End XCConfigurationList section */
	};
	rootObject = 7B85EF451EB2DDD900094FAF /* Project object */;
}
